// !$*UTF8*$!
{
	archiveVersion = 1;
	classes = {
	};
	objectVersion = 50;
	objects = {

/* Begin PBXBuildFile section */
		93581D6524BDBE9600870CBE /* TCAConceptApp.swift in Sources */ = {isa = PBXBuildFile; fileRef = 93581D6424BDBE9600870CBE /* TCAConceptApp.swift */; };
		93581D6924BDBE9600870CBE /* Assets.xcassets in Resources */ = {isa = PBXBuildFile; fileRef = 93581D6824BDBE9600870CBE /* Assets.xcassets */; };
		93581D6C24BDBE9600870CBE /* Preview Assets.xcassets in Resources */ = {isa = PBXBuildFile; fileRef = 93581D6B24BDBE9600870CBE /* Preview Assets.xcassets */; };
		93581D7B24BDBFCC00870CBE /* CategoryView.swift in Sources */ = {isa = PBXBuildFile; fileRef = 93581D7324BDBFCB00870CBE /* CategoryView.swift */; };
		93581D7C24BDBFCC00870CBE /* RoutineView.swift in Sources */ = {isa = PBXBuildFile; fileRef = 93581D7424BDBFCB00870CBE /* RoutineView.swift */; };
		93581D7E24BDBFCC00870CBE /* SettingsView.swift in Sources */ = {isa = PBXBuildFile; fileRef = 93581D7624BDBFCC00870CBE /* SettingsView.swift */; };
		93581D7F24BDBFCC00870CBE /* CategoryEditView.swift in Sources */ = {isa = PBXBuildFile; fileRef = 93581D7724BDBFCC00870CBE /* CategoryEditView.swift */; };
		93581D8024BDBFCC00870CBE /* TodayView.swift in Sources */ = {isa = PBXBuildFile; fileRef = 93581D7824BDBFCC00870CBE /* TodayView.swift */; };
		93581D8124BDBFCC00870CBE /* RoutineEditView.swift in Sources */ = {isa = PBXBuildFile; fileRef = 93581D7924BDBFCC00870CBE /* RoutineEditView.swift */; };
		93581D8224BDBFCC00870CBE /* Routine.swift in Sources */ = {isa = PBXBuildFile; fileRef = 93581D7A24BDBFCC00870CBE /* Routine.swift */; };
		93BDD2BE24C7B7E20038565B /* ContentView.swift in Sources */ = {isa = PBXBuildFile; fileRef = 93BDD2BD24C7B7E20038565B /* ContentView.swift */; };
/* End PBXBuildFile section */

/* Begin PBXFileReference section */
		93581D6124BDBE9600870CBE /* TCAConcept.app */ = {isa = PBXFileReference; explicitFileType = wrapper.application; includeInIndex = 0; path = TCAConcept.app; sourceTree = BUILT_PRODUCTS_DIR; };
		93581D6424BDBE9600870CBE /* TCAConceptApp.swift */ = {isa = PBXFileReference; lastKnownFileType = sourcecode.swift; path = TCAConceptApp.swift; sourceTree = "<group>"; };
		93581D6824BDBE9600870CBE /* Assets.xcassets */ = {isa = PBXFileReference; lastKnownFileType = folder.assetcatalog; path = Assets.xcassets; sourceTree = "<group>"; };
		93581D6B24BDBE9600870CBE /* Preview Assets.xcassets */ = {isa = PBXFileReference; lastKnownFileType = folder.assetcatalog; path = "Preview Assets.xcassets"; sourceTree = "<group>"; };
		93581D6D24BDBE9600870CBE /* Info.plist */ = {isa = PBXFileReference; lastKnownFileType = text.plist.xml; path = Info.plist; sourceTree = "<group>"; };
		93581D7324BDBFCB00870CBE /* CategoryView.swift */ = {isa = PBXFileReference; fileEncoding = 4; lastKnownFileType = sourcecode.swift; path = CategoryView.swift; sourceTree = "<group>"; };
		93581D7424BDBFCB00870CBE /* RoutineView.swift */ = {isa = PBXFileReference; fileEncoding = 4; lastKnownFileType = sourcecode.swift; path = RoutineView.swift; sourceTree = "<group>"; };
		93581D7624BDBFCC00870CBE /* SettingsView.swift */ = {isa = PBXFileReference; fileEncoding = 4; lastKnownFileType = sourcecode.swift; path = SettingsView.swift; sourceTree = "<group>"; };
		93581D7724BDBFCC00870CBE /* CategoryEditView.swift */ = {isa = PBXFileReference; fileEncoding = 4; lastKnownFileType = sourcecode.swift; path = CategoryEditView.swift; sourceTree = "<group>"; };
		93581D7824BDBFCC00870CBE /* TodayView.swift */ = {isa = PBXFileReference; fileEncoding = 4; lastKnownFileType = sourcecode.swift; path = TodayView.swift; sourceTree = "<group>"; };
		93581D7924BDBFCC00870CBE /* RoutineEditView.swift */ = {isa = PBXFileReference; fileEncoding = 4; lastKnownFileType = sourcecode.swift; path = RoutineEditView.swift; sourceTree = "<group>"; };
		93581D7A24BDBFCC00870CBE /* Routine.swift */ = {isa = PBXFileReference; fileEncoding = 4; lastKnownFileType = sourcecode.swift; path = Routine.swift; sourceTree = "<group>"; };
		93BDD2BD24C7B7E20038565B /* ContentView.swift */ = {isa = PBXFileReference; fileEncoding = 4; lastKnownFileType = sourcecode.swift; path = ContentView.swift; sourceTree = "<group>"; };
/* End PBXFileReference section */

/* Begin PBXFrameworksBuildPhase section */
		93581D5E24BDBE9600870CBE /* Frameworks */ = {
			isa = PBXFrameworksBuildPhase;
			buildActionMask = 2147483647;
			files = (
			);
			runOnlyForDeploymentPostprocessing = 0;
		};
/* End PBXFrameworksBuildPhase section */

/* Begin PBXGroup section */
		93581D5824BDBE9600870CBE = {
			isa = PBXGroup;
			children = (
				93581D6324BDBE9600870CBE /* TCAConcept */,
				93581D6224BDBE9600870CBE /* Products */,
			);
			sourceTree = "<group>";
		};
		93581D6224BDBE9600870CBE /* Products */ = {
			isa = PBXGroup;
			children = (
				93581D6124BDBE9600870CBE /* TCAConcept.app */,
			);
			name = Products;
			sourceTree = "<group>";
		};
		93581D6324BDBE9600870CBE /* TCAConcept */ = {
			isa = PBXGroup;
			children = (
				93581D6424BDBE9600870CBE /* TCAConceptApp.swift */,
				93581D7724BDBFCC00870CBE /* CategoryEditView.swift */,
				93581D7324BDBFCB00870CBE /* CategoryView.swift */,
				93581D7A24BDBFCC00870CBE /* Routine.swift */,
				93BDD2BD24C7B7E20038565B /* ContentView.swift */,
				93581D7924BDBFCC00870CBE /* RoutineEditView.swift */,
				93581D7424BDBFCB00870CBE /* RoutineView.swift */,
				93581D7624BDBFCC00870CBE /* SettingsView.swift */,
				93581D7824BDBFCC00870CBE /* TodayView.swift */,
				93581D6824BDBE9600870CBE /* Assets.xcassets */,
				93581D6D24BDBE9600870CBE /* Info.plist */,
				93581D6A24BDBE9600870CBE /* Preview Content */,
			);
			path = TCAConcept;
			sourceTree = "<group>";
		};
		93581D6A24BDBE9600870CBE /* Preview Content */ = {
			isa = PBXGroup;
			children = (
				93581D6B24BDBE9600870CBE /* Preview Assets.xcassets */,
			);
			path = "Preview Content";
			sourceTree = "<group>";
		};
/* End PBXGroup section */

/* Begin PBXNativeTarget section */
		93581D6024BDBE9600870CBE /* TCAConcept */ = {
			isa = PBXNativeTarget;
			buildConfigurationList = 93581D7024BDBE9600870CBE /* Build configuration list for PBXNativeTarget "TCAConcept" */;
			buildPhases = (
				93581D5D24BDBE9600870CBE /* Sources */,
				93581D5E24BDBE9600870CBE /* Frameworks */,
				93581D5F24BDBE9600870CBE /* Resources */,
			);
			buildRules = (
			);
			dependencies = (
			);
			name = TCAConcept;
			productName = TCAConcept;
			productReference = 93581D6124BDBE9600870CBE /* TCAConcept.app */;
			productType = "com.apple.product-type.application";
		};
/* End PBXNativeTarget section */

/* Begin PBXProject section */
		93581D5924BDBE9600870CBE /* Project object */ = {
			isa = PBXProject;
			attributes = {
				LastSwiftUpdateCheck = 1200;
				LastUpgradeCheck = 1200;
				TargetAttributes = {
					93581D6024BDBE9600870CBE = {
						CreatedOnToolsVersion = 12.0;
					};
				};
			};
			buildConfigurationList = 93581D5C24BDBE9600870CBE /* Build configuration list for PBXProject "TCAConcept" */;
			compatibilityVersion = "Xcode 9.3";
			developmentRegion = en;
			hasScannedForEncodings = 0;
			knownRegions = (
				en,
				Base,
			);
			mainGroup = 93581D5824BDBE9600870CBE;
			productRefGroup = 93581D6224BDBE9600870CBE /* Products */;
			projectDirPath = "";
			projectRoot = "";
			targets = (
				93581D6024BDBE9600870CBE /* TCAConcept */,
			);
		};
/* End PBXProject section */

/* Begin PBXResourcesBuildPhase section */
		93581D5F24BDBE9600870CBE /* Resources */ = {
			isa = PBXResourcesBuildPhase;
			buildActionMask = 2147483647;
			files = (
				93581D6C24BDBE9600870CBE /* Preview Assets.xcassets in Resources */,
				93581D6924BDBE9600870CBE /* Assets.xcassets in Resources */,
			);
			runOnlyForDeploymentPostprocessing = 0;
		};
/* End PBXResourcesBuildPhase section */

/* Begin PBXSourcesBuildPhase section */
		93581D5D24BDBE9600870CBE /* Sources */ = {
			isa = PBXSourcesBuildPhase;
			buildActionMask = 2147483647;
			files = (
				93581D8224BDBFCC00870CBE /* Routine.swift in Sources */,
				93581D7C24BDBFCC00870CBE /* RoutineView.swift in Sources */,
				93581D8124BDBFCC00870CBE /* RoutineEditView.swift in Sources */,
				93581D7E24BDBFCC00870CBE /* SettingsView.swift in Sources */,
				93581D7F24BDBFCC00870CBE /* CategoryEditView.swift in Sources */,
				93BDD2BE24C7B7E20038565B /* ContentView.swift in Sources */,
				93581D6524BDBE9600870CBE /* TCAConceptApp.swift in Sources */,
				93581D8024BDBFCC00870CBE /* TodayView.swift in Sources */,
				93581D7B24BDBFCC00870CBE /* CategoryView.swift in Sources */,
			);
			runOnlyForDeploymentPostprocessing = 0;
		};
/* End PBXSourcesBuildPhase section */

/* Begin XCBuildConfiguration section */
		93581D6E24BDBE9600870CBE /* Debug */ = {
			isa = XCBuildConfiguration;
			buildSettings = {
				ALWAYS_SEARCH_USER_PATHS = NO;
				CLANG_ANALYZER_NONNULL = YES;
				CLANG_ANALYZER_NUMBER_OBJECT_CONVERSION = YES_AGGRESSIVE;
				CLANG_CXX_LANGUAGE_STANDARD = "gnu++14";
				CLANG_CXX_LIBRARY = "libc++";
				CLANG_ENABLE_MODULES = YES;
				CLANG_ENABLE_OBJC_ARC = YES;
				CLANG_ENABLE_OBJC_WEAK = YES;
				CLANG_WARN_BLOCK_CAPTURE_AUTORELEASING = YES;
				CLANG_WARN_BOOL_CONVERSION = YES;
				CLANG_WARN_COMMA = YES;
				CLANG_WARN_CONSTANT_CONVERSION = YES;
				CLANG_WARN_DEPRECATED_OBJC_IMPLEMENTATIONS = YES;
				CLANG_WARN_DIRECT_OBJC_ISA_USAGE = YES_ERROR;
				CLANG_WARN_DOCUMENTATION_COMMENTS = YES;
				CLANG_WARN_EMPTY_BODY = YES;
				CLANG_WARN_ENUM_CONVERSION = YES;
				CLANG_WARN_INFINITE_RECURSION = YES;
				CLANG_WARN_INT_CONVERSION = YES;
				CLANG_WARN_NON_LITERAL_NULL_CONVERSION = YES;
				CLANG_WARN_OBJC_IMPLICIT_RETAIN_SELF = YES;
				CLANG_WARN_OBJC_LITERAL_CONVERSION = YES;
				CLANG_WARN_OBJC_ROOT_CLASS = YES_ERROR;
				CLANG_WARN_QUOTED_INCLUDE_IN_FRAMEWORK_HEADER = YES;
				CLANG_WARN_RANGE_LOOP_ANALYSIS = YES;
				CLANG_WARN_STRICT_PROTOTYPES = YES;
				CLANG_WARN_SUSPICIOUS_MOVE = YES;
				CLANG_WARN_UNGUARDED_AVAILABILITY = YES_AGGRESSIVE;
				CLANG_WARN_UNREACHABLE_CODE = YES;
				CLANG_WARN__DUPLICATE_METHOD_MATCH = YES;
				COPY_PHASE_STRIP = NO;
				DEBUG_INFORMATION_FORMAT = dwarf;
				ENABLE_STRICT_OBJC_MSGSEND = YES;
				ENABLE_TESTABILITY = YES;
				GCC_C_LANGUAGE_STANDARD = gnu11;
				GCC_DYNAMIC_NO_PIC = NO;
				GCC_NO_COMMON_BLOCKS = YES;
				GCC_OPTIMIZATION_LEVEL = 0;
				GCC_PREPROCESSOR_DEFINITIONS = (
					"DEBUG=1",
					"$(inherited)",
				);
				GCC_WARN_64_TO_32_BIT_CONVERSION = YES;
				GCC_WARN_ABOUT_RETURN_TYPE = YES_ERROR;
				GCC_WARN_UNDECLARED_SELECTOR = YES;
				GCC_WARN_UNINITIALIZED_AUTOS = YES_AGGRESSIVE;
				GCC_WARN_UNUSED_FUNCTION = YES;
				GCC_WARN_UNUSED_VARIABLE = YES;
				IPHONEOS_DEPLOYMENT_TARGET = 14.0;
				MTL_ENABLE_DEBUG_INFO = INCLUDE_SOURCE;
				MTL_FAST_MATH = YES;
				ONLY_ACTIVE_ARCH = YES;
				SDKROOT = iphoneos;
				SWIFT_ACTIVE_COMPILATION_CONDITIONS = DEBUG;
				SWIFT_OPTIMIZATION_LEVEL = "-Onone";
			};
			name = Debug;
		};
		93581D6F24BDBE9600870CBE /* Release */ = {
			isa = XCBuildConfiguration;
			buildSettings = {
				ALWAYS_SEARCH_USER_PATHS = NO;
				CLANG_ANALYZER_NONNULL = YES;
				CLANG_ANALYZER_NUMBER_OBJECT_CONVERSION = YES_AGGRESSIVE;
				CLANG_CXX_LANGUAGE_STANDARD = "gnu++14";
				CLANG_CXX_LIBRARY = "libc++";
				CLANG_ENABLE_MODULES = YES;
				CLANG_ENABLE_OBJC_ARC = YES;
				CLANG_ENABLE_OBJC_WEAK = YES;
				CLANG_WARN_BLOCK_CAPTURE_AUTORELEASING = YES;
				CLANG_WARN_BOOL_CONVERSION = YES;
				CLANG_WARN_COMMA = YES;
				CLANG_WARN_CONSTANT_CONVERSION = YES;
				CLANG_WARN_DEPRECATED_OBJC_IMPLEMENTATIONS = YES;
				CLANG_WARN_DIRECT_OBJC_ISA_USAGE = YES_ERROR;
				CLANG_WARN_DOCUMENTATION_COMMENTS = YES;
				CLANG_WARN_EMPTY_BODY = YES;
				CLANG_WARN_ENUM_CONVERSION = YES;
				CLANG_WARN_INFINITE_RECURSION = YES;
				CLANG_WARN_INT_CONVERSION = YES;
				CLANG_WARN_NON_LITERAL_NULL_CONVERSION = YES;
				CLANG_WARN_OBJC_IMPLICIT_RETAIN_SELF = YES;
				CLANG_WARN_OBJC_LITERAL_CONVERSION = YES;
				CLANG_WARN_OBJC_ROOT_CLASS = YES_ERROR;
				CLANG_WARN_QUOTED_INCLUDE_IN_FRAMEWORK_HEADER = YES;
				CLANG_WARN_RANGE_LOOP_ANALYSIS = YES;
				CLANG_WARN_STRICT_PROTOTYPES = YES;
				CLANG_WARN_SUSPICIOUS_MOVE = YES;
				CLANG_WARN_UNGUARDED_AVAILABILITY = YES_AGGRESSIVE;
				CLANG_WARN_UNREACHABLE_CODE = YES;
				CLANG_WARN__DUPLICATE_METHOD_MATCH = YES;
				COPY_PHASE_STRIP = NO;
				DEBUG_INFORMATION_FORMAT = "dwarf-with-dsym";
				ENABLE_NS_ASSERTIONS = NO;
				ENABLE_STRICT_OBJC_MSGSEND = YES;
				GCC_C_LANGUAGE_STANDARD = gnu11;
				GCC_NO_COMMON_BLOCKS = YES;
				GCC_WARN_64_TO_32_BIT_CONVERSION = YES;
				GCC_WARN_ABOUT_RETURN_TYPE = YES_ERROR;
				GCC_WARN_UNDECLARED_SELECTOR = YES;
				GCC_WARN_UNINITIALIZED_AUTOS = YES_AGGRESSIVE;
				GCC_WARN_UNUSED_FUNCTION = YES;
				GCC_WARN_UNUSED_VARIABLE = YES;
				IPHONEOS_DEPLOYMENT_TARGET = 14.0;
				MTL_ENABLE_DEBUG_INFO = NO;
				MTL_FAST_MATH = YES;
				SDKROOT = iphoneos;
				SWIFT_COMPILATION_MODE = wholemodule;
				SWIFT_OPTIMIZATION_LEVEL = "-O";
				VALIDATE_PRODUCT = YES;
			};
			name = Release;
		};
		93581D7124BDBE9600870CBE /* Debug */ = {
			isa = XCBuildConfiguration;
			buildSettings = {
				ASSETCATALOG_COMPILER_APPICON_NAME = AppIcon;
				ASSETCATALOG_COMPILER_GLOBAL_ACCENT_COLOR_NAME = AccentColor;
				CODE_SIGN_STYLE = Automatic;
				DEVELOPMENT_ASSET_PATHS = "\"TCAConcept/Preview Content\"";
				DEVELOPMENT_TEAM = P8JY26RP56;
				ENABLE_PREVIEWS = YES;
				INFOPLIST_FILE = TCAConcept/Info.plist;
				IPHONEOS_DEPLOYMENT_TARGET = 14.0;
				LD_RUNPATH_SEARCH_PATHS = (
					"$(inherited)",
					"@executable_path/Frameworks",
				);
				PRODUCT_BUNDLE_IDENTIFIER = com.saadanis.TCAConcept;
				PRODUCT_NAME = "$(TARGET_NAME)";
				SWIFT_VERSION = 5.0;
				TARGETED_DEVICE_FAMILY = "1,2";
			};
			name = Debug;
		};
		93581D7224BDBE9600870CBE /* Release */ = {
			isa = XCBuildConfiguration;
			buildSettings = {
				ASSETCATALOG_COMPILER_APPICON_NAME = AppIcon;
				ASSETCATALOG_COMPILER_GLOBAL_ACCENT_COLOR_NAME = AccentColor;
				CODE_SIGN_STYLE = Automatic;
				DEVELOPMENT_ASSET_PATHS = "\"TCAConcept/Preview Content\"";
				DEVELOPMENT_TEAM = P8JY26RP56;
				ENABLE_PREVIEWS = YES;
				INFOPLIST_FILE = TCAConcept/Info.plist;
				IPHONEOS_DEPLOYMENT_TARGET = 14.0;
				LD_RUNPATH_SEARCH_PATHS = (
					"$(inherited)",
					"@executable_path/Frameworks",
				);
				PRODUCT_BUNDLE_IDENTIFIER = com.saadanis.TCAConcept;
				PRODUCT_NAME = "$(TARGET_NAME)";
				SWIFT_VERSION = 5.0;
				TARGETED_DEVICE_FAMILY = "1,2";
			};
			name = Release;
		};
/* End XCBuildConfiguration section */

/* Begin XCConfigurationList section */
		93581D5C24BDBE9600870CBE /* Build configuration list for PBXProject "TCAConcept" */ = {
			isa = XCConfigurationList;
			buildConfigurations = (
				93581D6E24BDBE9600870CBE /* Debug */,
				93581D6F24BDBE9600870CBE /* Release */,
			);
			defaultConfigurationIsVisible = 0;
			defaultConfigurationName = Release;
		};
		93581D7024BDBE9600870CBE /* Build configuration list for PBXNativeTarget "TCAConcept" */ = {
			isa = XCConfigurationList;
			buildConfigurations = (
				93581D7124BDBE9600870CBE /* Debug */,
				93581D7224BDBE9600870CBE /* Release */,
			);
			defaultConfigurationIsVisible = 0;
			defaultConfigurationName = Release;
		};
/* End XCConfigurationList section */
	};
	rootObject = 93581D5924BDBE9600870CBE /* Project object */;
}
